
Microsoft Visual Studio Solution File, Format Version 12.00
# Visual Studio Version 17
VisualStudioVersion = 17.12.35527.113 d17.12
MinimumVisualStudioVersion = 10.0.40219.1
Project("{FAE04EC0-301F-11D3-BF4B-00C04F79EFBC}") = "ArbolUrbano", "ArbolUrbano\ArbolUrbano.csproj", "{A49EF31D-FB2F-4BCD-973D-A22FE74A73A5}"
EndProject
Project("{FAE04EC0-301F-11D3-BF4B-00C04F79EFBC}") = "TropicosSyncLib", "TropicosSyncLib\TropicosSyncLib.csproj", "{23856690-007B-4272-BC89-0EC9844C9541}"
EndProject
Project("{FAE04EC0-301F-11D3-BF4B-00C04F79EFBC}") = "TropicosSyncLib.Tests", "TropicosSyncLib.Tests\TropicosSyncLib.Tests.csproj", "{A97C0CC3-C615-4BAA-A120-41851DEC0EBC}"
EndProject
Global
	GlobalSection(SolutionConfigurationPlatforms) = preSolution
		Debug|Any CPU = Debug|Any CPU
		Release|Any CPU = Release|Any CPU
	EndGlobalSection
	GlobalSection(ProjectConfigurationPlatforms) = postSolution
		{A49EF31D-FB2F-4BCD-973D-A22FE74A73A5}.Debug|Any CPU.ActiveCfg = Debug|Any CPU
		{A49EF31D-FB2F-4BCD-973D-A22FE74A73A5}.Debug|Any CPU.Build.0 = Debug|Any CPU
		{A49EF31D-FB2F-4BCD-973D-A22FE74A73A5}.Release|Any CPU.ActiveCfg = Release|Any CPU
		{A49EF31D-FB2F-4BCD-973D-A22FE74A73A5}.Release|Any CPU.Build.0 = Release|Any CPU
		{23856690-007B-4272-BC89-0EC9844C9541}.Debug|Any CPU.ActiveCfg = Debug|Any CPU
		{23856690-007B-4272-BC89-0EC9844C9541}.Debug|Any CPU.Build.0 = Debug|Any CPU
		{23856690-007B-4272-BC89-0EC9844C9541}.Release|Any CPU.ActiveCfg = Release|Any CPU
		{23856690-007B-4272-BC89-0EC9844C9541}.Release|Any CPU.Build.0 = Release|Any CPU
		{A97C0CC3-C615-4BAA-A120-41851DEC0EBC}.Debug|Any CPU.ActiveCfg = Debug|Any CPU
		{A97C0CC3-C615-4BAA-A120-41851DEC0EBC}.Debug|Any CPU.Build.0 = Debug|Any CPU
		{A97C0CC3-C615-4BAA-A120-41851DEC0EBC}.Release|Any CPU.ActiveCfg = Release|Any CPU
		{A97C0CC3-C615-4BAA-A120-41851DEC0EBC}.Release|Any CPU.Build.0 = Release|Any CPU
	EndGlobalSection
	GlobalSection(SolutionProperties) = preSolution
		HideSolutionNode = FALSE
	EndGlobalSection
EndGlobal
